PODS:
  - ASIHTTPRequest (1.8.2):
    - ASIHTTPRequest/ASIWebPageRequest (= 1.8.2)
    - ASIHTTPRequest/CloudFiles (= 1.8.2)
    - ASIHTTPRequest/Core (= 1.8.2)
    - ASIHTTPRequest/S3 (= 1.8.2)
  - ASIHTTPRequest/ASIWebPageRequest (1.8.2):
    - ASIHTTPRequest/Core
  - ASIHTTPRequest/CloudFiles (1.8.2):
    - ASIHTTPRequest/Core
  - ASIHTTPRequest/Core (1.8.2):
    - Reachability
  - ASIHTTPRequest/S3 (1.8.2):
    - ASIHTTPRequest/Core
  - DACircularProgress (2.3.1)
  - EGOCache (2.1.3)
  - EGOImageLoading (0.0.1):
    - EGOCache
  - FMDB (2.5):
    - FMDB/standard (= 2.5)
  - FMDB/common (2.5)
  - FMDB/standard (2.5):
    - FMDB/common
  - JSONKit (1.4)
  - Masonry (0.6.1)
  - MBProgressHUD (0.9.1)
  - MWPhotoBrowser (1.4.1):
    - DACircularProgress
    - MBProgressHUD (~> 0.8)
    - PSTCollectionView (~> 1.2)
    - SDWebImage (~> 3.7)
  - PSTCollectionView (1.2.3)
  - Reachability (3.2)
  - ReactiveCocoa (2.4.7):
    - ReactiveCocoa/UI (= 2.4.7)
  - ReactiveCocoa/Core (2.4.7):
    - ReactiveCocoa/no-arc
  - ReactiveCocoa/no-arc (2.4.7)
  - ReactiveCocoa/UI (2.4.7):
    - ReactiveCocoa/Core
  - RegexKitLite (4.0)
  - SDWebImage (3.7.2):
    - SDWebImage/Core (= 3.7.2)
  - SDWebImage/Core (3.7.2)
  - SlimeRefresh (0.0.1)
  - SVPullToRefresh (0.4.1)
  - THProgressView (1.0)
  - WCAlertView (1.0.1)

DEPENDENCIES:
  - ASIHTTPRequest (~> 1.8.2)
  - EGOImageLoading (~> 0.0.1)
  - FMDB (~> 2.5)
  - JSONKit (~> 1.4)
  - Masonry (~> 0.6.1)
  - MWPhotoBrowser (~> 1.4.1)
  - ReactiveCocoa (~> 2.4.7)
  - RegexKitLite (~> 4.0)
  - SlimeRefresh (~> 0.0.1)
  - SVPullToRefresh (~> 0.4.1)
  - THProgressView (~> 1.0)
  - WCAlertView (~> 1.0.1)

SPEC CHECKSUMS:
  ASIHTTPRequest: ec013992946676b7978dcbde6396d57312d21db4
  DACircularProgress: 4dd437c0fc3da5161cb289e07ac449493d41db71
  EGOCache: f0295dbe041156acabd39021354ad1045ee49e72
  EGOImageLoading: 99d7c4a9fb5a192ab37979b63ea03efc7097fe8e
  FMDB: 96e8f1bcc1329e269330f99770ad4285d9003e52
  JSONKit: 5b69e804ea54d99293eed0fd2ce596c5703fefb0
  Masonry: 4972309f2f134de9dd312f4dc4a21359b50e6caa
  MBProgressHUD: c47f2c166c126cf2ce36498d80f33e754d4e93ad
  MWPhotoBrowser: 2531e682860d62b8a7ba8659de02eb9040e431e5
  PSTCollectionView: 6749df92885353521f55279a7ce2b293762e2be4
  Reachability: 33e18b67625424e47b6cde6d202dce689ad7af96
  ReactiveCocoa: eb38dee0a0e698f73a9b25e5c1faea2bb4c79240
  RegexKitLite: c0e4c12e6e7de0769f3a3ed679f0f61604170661
  SDWebImage: 71b7cdc1d1721d6a82ed62889030225f2c249e29
  SlimeRefresh: c70e370dccfa8d74d4c3ff9702769d2b156a50e6
  SVPullToRefresh: ba2e718695a43253d8bea6852d2960097dc15d8c
  THProgressView: 999dc78f748f4cb6d69408f545de4d82ef7f1cec
  WCAlertView: 36a1d087d0b3eb7f6ce3dae623fbb474f26f2beb

COCOAPODS: 0.36.0
