// !$*UTF8*$!
{
	archiveVersion = 1;
	classes = {
	};
	objectVersion = 46;
	objects = {

/* Begin PBXBuildFile section */
		7417BEF41AE93A290097041B /* main.m in Sources */ = {isa = PBXBuildFile; fileRef = 7417BEF31AE93A290097041B /* main.m */; };
		7417BEF71AE93A290097041B /* AppDelegate.m in Sources */ = {isa = PBXBuildFile; fileRef = 7417BEF61AE93A290097041B /* AppDelegate.m */; };
		7417BEFA1AE93A290097041B /* ViewController.m in Sources */ = {isa = PBXBuildFile; fileRef = 7417BEF91AE93A290097041B /* ViewController.m */; };
		7417BEFD1AE93A290097041B /* Main.storyboard in Resources */ = {isa = PBXBuildFile; fileRef = 7417BEFB1AE93A290097041B /* Main.storyboard */; };
		7417BEFF1AE93A290097041B /* Images.xcassets in Resources */ = {isa = PBXBuildFile; fileRef = 7417BEFE1AE93A290097041B /* Images.xcassets */; };
		7417BF021AE93A290097041B /* LaunchScreen.xib in Resources */ = {isa = PBXBuildFile; fileRef = 7417BF001AE93A290097041B /* LaunchScreen.xib */; };
		7417BF0E1AE93A290097041B /* PetHomeTests.m in Sources */ = {isa = PBXBuildFile; fileRef = 7417BF0D1AE93A290097041B /* PetHomeTests.m */; };
/* End PBXBuildFile section */

/* Begin PBXContainerItemProxy section */
		7417BF081AE93A290097041B /* PBXContainerItemProxy */ = {
			isa = PBXContainerItemProxy;
			containerPortal = 7417BEE61AE93A290097041B /* Project object */;
			proxyType = 1;
			remoteGlobalIDString = 7417BEED1AE93A290097041B;
			remoteInfo = PetHome;
		};
/* End PBXContainerItemProxy section */

/* Begin PBXFileReference section */
		7417BEEE1AE93A290097041B /* PetHome.app */ = {isa = PBXFileReference; explicitFileType = wrapper.application; includeInIndex = 0; path = PetHome.app; sourceTree = BUILT_PRODUCTS_DIR; };
		7417BEF21AE93A290097041B /* Info.plist */ = {isa = PBXFileReference; lastKnownFileType = text.plist.xml; path = Info.plist; sourceTree = "<group>"; };
		7417BEF31AE93A290097041B /* main.m */ = {isa = PBXFileReference; lastKnownFileType = sourcecode.c.objc; path = main.m; sourceTree = "<group>"; };
		7417BEF51AE93A290097041B /* AppDelegate.h */ = {isa = PBXFileReference; lastKnownFileType = sourcecode.c.h; path = AppDelegate.h; sourceTree = "<group>"; };
		7417BEF61AE93A290097041B /* AppDelegate.m */ = {isa = PBXFileReference; lastKnownFileType = sourcecode.c.objc; path = AppDelegate.m; sourceTree = "<group>"; };
		7417BEF81AE93A290097041B /* ViewController.h */ = {isa = PBXFileReference; lastKnownFileType = sourcecode.c.h; path = ViewController.h; sourceTree = "<group>"; };
		7417BEF91AE93A290097041B /* ViewController.m */ = {isa = PBXFileReference; lastKnownFileType = sourcecode.c.objc; path = ViewController.m; sourceTree = "<group>"; };
		7417BEFC1AE93A290097041B /* Base */ = {isa = PBXFileReference; lastKnownFileType = file.storyboard; name = Base; path = Base.lproj/Main.storyboard; sourceTree = "<group>"; };
		7417BEFE1AE93A290097041B /* Images.xcassets */ = {isa = PBXFileReference; lastKnownFileType = folder.assetcatalog; path = Images.xcassets; sourceTree = "<group>"; };
		7417BF011AE93A290097041B /* Base */ = {isa = PBXFileReference; lastKnownFileType = file.xib; name = Base; path = Base.lproj/LaunchScreen.xib; sourceTree = "<group>"; };
		7417BF071AE93A290097041B /* PetHomeTests.xctest */ = {isa = PBXFileReference; explicitFileType = wrapper.cfbundle; includeInIndex = 0; path = PetHomeTests.xctest; sourceTree = BUILT_PRODUCTS_DIR; };
		7417BF0C1AE93A290097041B /* Info.plist */ = {isa = PBXFileReference; lastKnownFileType = text.plist.xml; path = Info.plist; sourceTree = "<group>"; };
		7417BF0D1AE93A290097041B /* PetHomeTests.m */ = {isa = PBXFileReference; lastKnownFileType = sourcecode.c.objc; path = PetHomeTests.m; sourceTree = "<group>"; };
/* End PBXFileReference section */

/* Begin PBXFrameworksBuildPhase section */
		7417BEEB1AE93A290097041B /* Frameworks */ = {
			isa = PBXFrameworksBuildPhase;
			buildActionMask = 2147483647;
			files = (
			);
			runOnlyForDeploymentPostprocessing = 0;
		};
		7417BF041AE93A290097041B /* Frameworks */ = {
			isa = PBXFrameworksBuildPhase;
			buildActionMask = 2147483647;
			files = (
			);
			runOnlyForDeploymentPostprocessing = 0;
		};
/* End PBXFrameworksBuildPhase section */

/* Begin PBXGroup section */
		7417BEE51AE93A290097041B = {
			isa = PBXGroup;
			children = (
				7417BEF01AE93A290097041B /* PetHome */,
				7417BF0A1AE93A290097041B /* PetHomeTests */,
				7417BEEF1AE93A290097041B /* Products */,
			);
			sourceTree = "<group>";
		};
		7417BEEF1AE93A290097041B /* Products */ = {
			isa = PBXGroup;
			children = (
				7417BEEE1AE93A290097041B /* PetHome.app */,
				7417BF071AE93A290097041B /* PetHomeTests.xctest */,
			);
			name = Products;
			sourceTree = "<group>";
		};
		7417BEF01AE93A290097041B /* PetHome */ = {
			isa = PBXGroup;
			children = (
				7417BEF51AE93A290097041B /* AppDelegate.h */,
				7417BEF61AE93A290097041B /* AppDelegate.m */,
				7417BEF81AE93A290097041B /* ViewController.h */,
				7417BEF91AE93A290097041B /* ViewController.m */,
				7417BEFB1AE93A290097041B /* Main.storyboard */,
				7417BEFE1AE93A290097041B /* Images.xcassets */,
				7417BF001AE93A290097041B /* LaunchScreen.xib */,
				7417BEF11AE93A290097041B /* Supporting Files */,
			);
			path = PetHome;
			sourceTree = "<group>";
		};
		7417BEF11AE93A290097041B /* Supporting Files */ = {
			isa = PBXGroup;
			children = (
				7417BEF21AE93A290097041B /* Info.plist */,
				7417BEF31AE93A290097041B /* main.m */,
			);
			name = "Supporting Files";
			sourceTree = "<group>";
		};
		7417BF0A1AE93A290097041B /* PetHomeTests */ = {
			isa = PBXGroup;
			children = (
				7417BF0D1AE93A290097041B /* PetHomeTests.m */,
				7417BF0B1AE93A290097041B /* Supporting Files */,
			);
			path = PetHomeTests;
			sourceTree = "<group>";
		};
		7417BF0B1AE93A290097041B /* Supporting Files */ = {
			isa = PBXGroup;
			children = (
				7417BF0C1AE93A290097041B /* Info.plist */,
			);
			name = "Supporting Files";
			sourceTree = "<group>";
		};
/* End PBXGroup section */

/* Begin PBXNativeTarget section */
		7417BEED1AE93A290097041B /* PetHome */ = {
			isa = PBXNativeTarget;
			buildConfigurationList = 7417BF111AE93A290097041B /* Build configuration list for PBXNativeTarget "PetHome" */;
			buildPhases = (
				7417BEEA1AE93A290097041B /* Sources */,
				7417BEEB1AE93A290097041B /* Frameworks */,
				7417BEEC1AE93A290097041B /* Resources */,
			);
			buildRules = (
			);
			dependencies = (
			);
			name = PetHome;
			productName = PetHome;
			productReference = 7417BEEE1AE93A290097041B /* PetHome.app */;
			productType = "com.apple.product-type.application";
		};
		7417BF061AE93A290097041B /* PetHomeTests */ = {
			isa = PBXNativeTarget;
			buildConfigurationList = 7417BF141AE93A290097041B /* Build configuration list for PBXNativeTarget "PetHomeTests" */;
			buildPhases = (
				7417BF031AE93A290097041B /* Sources */,
				7417BF041AE93A290097041B /* Frameworks */,
				7417BF051AE93A290097041B /* Resources */,
			);
			buildRules = (
			);
			dependencies = (
				7417BF091AE93A290097041B /* PBXTargetDependency */,
			);
			name = PetHomeTests;
			productName = PetHomeTests;
			productReference = 7417BF071AE93A290097041B /* PetHomeTests.xctest */;
			productType = "com.apple.product-type.bundle.unit-test";
		};
/* End PBXNativeTarget section */

/* Begin PBXProject section */
		7417BEE61AE93A290097041B /* Project object */ = {
			isa = PBXProject;
			attributes = {
				LastUpgradeCheck = 0630;
				ORGANIZATIONNAME = PetHome;
				TargetAttributes = {
					7417BEED1AE93A290097041B = {
						CreatedOnToolsVersion = 6.3;
					};
					7417BF061AE93A290097041B = {
						CreatedOnToolsVersion = 6.3;
						TestTargetID = 7417BEED1AE93A290097041B;
					};
				};
			};
			buildConfigurationList = 7417BEE91AE93A290097041B /* Build configuration list for PBXProject "PetHome" */;
			compatibilityVersion = "Xcode 3.2";
			developmentRegion = English;
			hasScannedForEncodings = 0;
			knownRegions = (
				en,
				Base,
			);
			mainGroup = 7417BEE51AE93A290097041B;
			productRefGroup = 7417BEEF1AE93A290097041B /* Products */;
			projectDirPath = "";
			projectRoot = "";
			targets = (
				7417BEED1AE93A290097041B /* PetHome */,
				7417BF061AE93A290097041B /* PetHomeTests */,
			);
		};
/* End PBXProject section */

/* Begin PBXResourcesBuildPhase section */
		7417BEEC1AE93A290097041B /* Resources */ = {
			isa = PBXResourcesBuildPhase;
			buildActionMask = 2147483647;
			files = (
				7417BEFD1AE93A290097041B /* Main.storyboard in Resources */,
				7417BF021AE93A290097041B /* LaunchScreen.xib in Resources */,
				7417BEFF1AE93A290097041B /* Images.xcassets in Resources */,
			);
			runOnlyForDeploymentPostprocessing = 0;
		};
		7417BF051AE93A290097041B /* Resources */ = {
			isa = PBXResourcesBuildPhase;
			buildActionMask = 2147483647;
			files = (
			);
			runOnlyForDeploymentPostprocessing = 0;
		};
/* End PBXResourcesBuildPhase section */

/* Begin PBXSourcesBuildPhase section */
		7417BEEA1AE93A290097041B /* Sources */ = {
			isa = PBXSourcesBuildPhase;
			buildActionMask = 2147483647;
			files = (
				7417BEFA1AE93A290097041B /* ViewController.m in Sources */,
				7417BEF71AE93A290097041B /* AppDelegate.m in Sources */,
				7417BEF41AE93A290097041B /* main.m in Sources */,
			);
			runOnlyForDeploymentPostprocessing = 0;
		};
		7417BF031AE93A290097041B /* Sources */ = {
			isa = PBXSourcesBuildPhase;
			buildActionMask = 2147483647;
			files = (
				7417BF0E1AE93A290097041B /* PetHomeTests.m in Sources */,
			);
			runOnlyForDeploymentPostprocessing = 0;
		};
/* End PBXSourcesBuildPhase section */

/* Begin PBXTargetDependency section */
		7417BF091AE93A290097041B /* PBXTargetDependency */ = {
			isa = PBXTargetDependency;
			target = 7417BEED1AE93A290097041B /* PetHome */;
			targetProxy = 7417BF081AE93A290097041B /* PBXContainerItemProxy */;
		};
/* End PBXTargetDependency section */

/* Begin PBXVariantGroup section */
		7417BEFB1AE93A290097041B /* Main.storyboard */ = {
			isa = PBXVariantGroup;
			children = (
				7417BEFC1AE93A290097041B /* Base */,
			);
			name = Main.storyboard;
			sourceTree = "<group>";
		};
		7417BF001AE93A290097041B /* LaunchScreen.xib */ = {
			isa = PBXVariantGroup;
			children = (
				7417BF011AE93A290097041B /* Base */,
			);
			name = LaunchScreen.xib;
			sourceTree = "<group>";
		};
/* End PBXVariantGroup section */

/* Begin XCBuildConfiguration section */
		7417BF0F1AE93A290097041B /* Debug */ = {
			isa = XCBuildConfiguration;
			buildSettings = {
				ALWAYS_SEARCH_USER_PATHS = NO;
				CLANG_CXX_LANGUAGE_STANDARD = "gnu++0x";
				CLANG_CXX_LIBRARY = "libc++";
				CLANG_ENABLE_MODULES = YES;
				CLANG_ENABLE_OBJC_ARC = YES;
				CLANG_WARN_BOOL_CONVERSION = YES;
				CLANG_WARN_CONSTANT_CONVERSION = YES;
				CLANG_WARN_DIRECT_OBJC_ISA_USAGE = YES_ERROR;
				CLANG_WARN_EMPTY_BODY = YES;
				CLANG_WARN_ENUM_CONVERSION = YES;
				CLANG_WARN_INT_CONVERSION = YES;
				CLANG_WARN_OBJC_ROOT_CLASS = YES_ERROR;
				CLANG_WARN_UNREACHABLE_CODE = YES;
				CLANG_WARN__DUPLICATE_METHOD_MATCH = YES;
				"CODE_SIGN_IDENTITY[sdk=iphoneos*]" = "iPhone Developer";
				COPY_PHASE_STRIP = NO;
				DEBUG_INFORMATION_FORMAT = "dwarf-with-dsym";
				ENABLE_STRICT_OBJC_MSGSEND = YES;
				GCC_C_LANGUAGE_STANDARD = gnu99;
				GCC_DYNAMIC_NO_PIC = NO;
				GCC_NO_COMMON_BLOCKS = YES;
				GCC_OPTIMIZATION_LEVEL = 0;
				GCC_PREPROCESSOR_DEFINITIONS = (
					"DEBUG=1",
					"$(inherited)",
				);
				GCC_SYMBOLS_PRIVATE_EXTERN = NO;
				GCC_WARN_64_TO_32_BIT_CONVERSION = YES;
				GCC_WARN_ABOUT_RETURN_TYPE = YES_ERROR;
				GCC_WARN_UNDECLARED_SELECTOR = YES;
				GCC_WARN_UNINITIALIZED_AUTOS = YES_AGGRESSIVE;
				GCC_WARN_UNUSED_FUNCTION = YES;
				GCC_WARN_UNUSED_VARIABLE = YES;
				IPHONEOS_DEPLOYMENT_TARGET = 8.3;
				MTL_ENABLE_DEBUG_INFO = YES;
				ONLY_ACTIVE_ARCH = YES;
				SDKROOT = iphoneos;
			};
			name = Debug;
		};
		7417BF101AE93A290097041B /* Release */ = {
			isa = XCBuildConfiguration;
			buildSettings = {
				ALWAYS_SEARCH_USER_PATHS = NO;
				CLANG_CXX_LANGUAGE_STANDARD = "gnu++0x";
				CLANG_CXX_LIBRARY = "libc++";
				CLANG_ENABLE_MODULES = YES;
				CLANG_ENABLE_OBJC_ARC = YES;
				CLANG_WARN_BOOL_CONVERSION = YES;
				CLANG_WARN_CONSTANT_CONVERSION = YES;
				CLANG_WARN_DIRECT_OBJC_ISA_USAGE = YES_ERROR;
				CLANG_WARN_EMPTY_BODY = YES;
				CLANG_WARN_ENUM_CONVERSION = YES;
				CLANG_WARN_INT_CONVERSION = YES;
				CLANG_WARN_OBJC_ROOT_CLASS = YES_ERROR;
				CLANG_WARN_UNREACHABLE_CODE = YES;
				CLANG_WARN__DUPLICATE_METHOD_MATCH = YES;
				"CODE_SIGN_IDENTITY[sdk=iphoneos*]" = "iPhone Developer";
				COPY_PHASE_STRIP = NO;
				DEBUG_INFORMATION_FORMAT = "dwarf-with-dsym";
				ENABLE_NS_ASSERTIONS = NO;
				ENABLE_STRICT_OBJC_MSGSEND = YES;
				GCC_C_LANGUAGE_STANDARD = gnu99;
				GCC_NO_COMMON_BLOCKS = YES;
				GCC_WARN_64_TO_32_BIT_CONVERSION = YES;
				GCC_WARN_ABOUT_RETURN_TYPE = YES_ERROR;
				GCC_WARN_UNDECLARED_SELECTOR = YES;
				GCC_WARN_UNINITIALIZED_AUTOS = YES_AGGRESSIVE;
				GCC_WARN_UNUSED_FUNCTION = YES;
				GCC_WARN_UNUSED_VARIABLE = YES;
				IPHONEOS_DEPLOYMENT_TARGET = 8.3;
				MTL_ENABLE_DEBUG_INFO = NO;
				SDKROOT = iphoneos;
				VALIDATE_PRODUCT = YES;
			};
			name = Release;
		};
		7417BF121AE93A290097041B /* Debug */ = {
			isa = XCBuildConfiguration;
			buildSettings = {
				ASSETCATALOG_COMPILER_APPICON_NAME = AppIcon;
				INFOPLIST_FILE = PetHome/Info.plist;
				LD_RUNPATH_SEARCH_PATHS = "$(inherited) @executable_path/Frameworks";
				PRODUCT_NAME = "$(TARGET_NAME)";
			};
			name = Debug;
		};
		7417BF131AE93A290097041B /* Release */ = {
			isa = XCBuildConfiguration;
			buildSettings = {
				ASSETCATALOG_COMPILER_APPICON_NAME = AppIcon;
				INFOPLIST_FILE = PetHome/Info.plist;
				LD_RUNPATH_SEARCH_PATHS = "$(inherited) @executable_path/Frameworks";
				PRODUCT_NAME = "$(TARGET_NAME)";
			};
			name = Release;
		};
		7417BF151AE93A290097041B /* Debug */ = {
			isa = XCBuildConfiguration;
			buildSettings = {
				BUNDLE_LOADER = "$(TEST_HOST)";
				FRAMEWORK_SEARCH_PATHS = (
					"$(SDKROOT)/Developer/Library/Frameworks",
					"$(inherited)",
				);
				GCC_PREPROCESSOR_DEFINITIONS = (
					"DEBUG=1",
					"$(inherited)",
				);
				INFOPLIST_FILE = PetHomeTests/Info.plist;
				LD_RUNPATH_SEARCH_PATHS = "$(inherited) @executable_path/Frameworks @loader_path/Frameworks";
				PRODUCT_NAME = "$(TARGET_NAME)";
				TEST_HOST = "$(BUILT_PRODUCTS_DIR)/PetHome.app/PetHome";
			};
			name = Debug;
		};
		7417BF161AE93A290097041B /* Release */ = {
			isa = XCBuildConfiguration;
			buildSettings = {
				BUNDLE_LOADER = "$(TEST_HOST)";
				FRAMEWORK_SEARCH_PATHS = (
					"$(SDKROOT)/Developer/Library/Frameworks",
					"$(inherited)",
				);
				INFOPLIST_FILE = PetHomeTests/Info.plist;
				LD_RUNPATH_SEARCH_PATHS = "$(inherited) @executable_path/Frameworks @loader_path/Frameworks";
				PRODUCT_NAME = "$(TARGET_NAME)";
				TEST_HOST = "$(BUILT_PRODUCTS_DIR)/PetHome.app/PetHome";
			};
			name = Release;
		};
/* End XCBuildConfiguration section */

/* Begin XCConfigurationList section */
		7417BEE91AE93A290097041B /* Build configuration list for PBXProject "PetHome" */ = {
			isa = XCConfigurationList;
			buildConfigurations = (
				7417BF0F1AE93A290097041B /* Debug */,
				7417BF101AE93A290097041B /* Release */,
			);
			defaultConfigurationIsVisible = 0;
			defaultConfigurationName = Release;
		};
		7417BF111AE93A290097041B /* Build configuration list for PBXNativeTarget "PetHome" */ = {
			isa = XCConfigurationList;
			buildConfigurations = (
				7417BF121AE93A290097041B /* Debug */,
				7417BF131AE93A290097041B /* Release */,
			);
			defaultConfigurationIsVisible = 0;
		};
		7417BF141AE93A290097041B /* Build configuration list for PBXNativeTarget "PetHomeTests" */ = {
			isa = XCConfigurationList;
			buildConfigurations = (
				7417BF151AE93A290097041B /* Debug */,
				7417BF161AE93A290097041B /* Release */,
			);
			defaultConfigurationIsVisible = 0;
		};
/* End XCConfigurationList section */
	};
	rootObject = 7417BEE61AE93A290097041B /* Project object */;
}
